
Microsoft Visual Studio Solution File, Format Version 12.00
# Visual Studio 15
VisualStudioVersion = 15.0.26730.10
MinimumVisualStudioVersion = 10.0.40219.1
Project("{9A19103F-16F7-4668-BE54-9A1E7A4F7556}") = "WatchWord", "WatchWord\WatchWord.csproj", "{DD4102DC-E261-4C9A-92A0-919BEA34ACFB}"
EndProject
Project("{9A19103F-16F7-4668-BE54-9A1E7A4F7556}") = "WatchWord.Domain", "WatchWord.Domain\WatchWord.Domain.csproj", "{8BA2B70F-5D08-41E7-B54C-888942F48A62}"
EndProject
Project("{9A19103F-16F7-4668-BE54-9A1E7A4F7556}") = "WatchWord.DataAccess", "WatchWord.DataAccess\WatchWord.DataAccess.csproj", "{838FBE23-4E94-4972-80E3-5CFE31423D91}"
EndProject
Project("{9A19103F-16F7-4668-BE54-9A1E7A4F7556}") = "WatchWord.Service", "WatchWord.Service\WatchWord.Service.csproj", "{35715A5C-D21D-4B00-8560-F396FDA9CD52}"
EndProject
Global
	GlobalSection(SolutionConfigurationPlatforms) = preSolution
		Debug|Any CPU = Debug|Any CPU
		Debug|x64 = Debug|x64
		Debug|x86 = Debug|x86
		MYSQL|Any CPU = MYSQL|Any CPU
		MYSQL|x64 = MYSQL|x64
		MYSQL|x86 = MYSQL|x86
		Release|Any CPU = Release|Any CPU
		Release|x64 = Release|x64
		Release|x86 = Release|x86
	EndGlobalSection
	GlobalSection(ProjectConfigurationPlatforms) = postSolution
		{DD4102DC-E261-4C9A-92A0-919BEA34ACFB}.Debug|Any CPU.ActiveCfg = Debug|Any CPU
		{DD4102DC-E261-4C9A-92A0-919BEA34ACFB}.Debug|Any CPU.Build.0 = Debug|Any CPU
		{DD4102DC-E261-4C9A-92A0-919BEA34ACFB}.Debug|x64.ActiveCfg = Debug|Any CPU
		{DD4102DC-E261-4C9A-92A0-919BEA34ACFB}.Debug|x64.Build.0 = Debug|Any CPU
		{DD4102DC-E261-4C9A-92A0-919BEA34ACFB}.Debug|x86.ActiveCfg = Debug|Any CPU
		{DD4102DC-E261-4C9A-92A0-919BEA34ACFB}.Debug|x86.Build.0 = Debug|Any CPU
		{DD4102DC-E261-4C9A-92A0-919BEA34ACFB}.MYSQL|Any CPU.ActiveCfg = MYSQL|Any CPU
		{DD4102DC-E261-4C9A-92A0-919BEA34ACFB}.MYSQL|Any CPU.Build.0 = MYSQL|Any CPU
		{DD4102DC-E261-4C9A-92A0-919BEA34ACFB}.MYSQL|x64.ActiveCfg = MYSQL|Any CPU
		{DD4102DC-E261-4C9A-92A0-919BEA34ACFB}.MYSQL|x64.Build.0 = MYSQL|Any CPU
		{DD4102DC-E261-4C9A-92A0-919BEA34ACFB}.MYSQL|x86.ActiveCfg = MYSQL|Any CPU
		{DD4102DC-E261-4C9A-92A0-919BEA34ACFB}.MYSQL|x86.Build.0 = MYSQL|Any CPU
		{DD4102DC-E261-4C9A-92A0-919BEA34ACFB}.Release|Any CPU.ActiveCfg = Release|Any CPU
		{DD4102DC-E261-4C9A-92A0-919BEA34ACFB}.Release|Any CPU.Build.0 = Release|Any CPU
		{DD4102DC-E261-4C9A-92A0-919BEA34ACFB}.Release|x64.ActiveCfg = Release|Any CPU
		{DD4102DC-E261-4C9A-92A0-919BEA34ACFB}.Release|x64.Build.0 = Release|Any CPU
		{DD4102DC-E261-4C9A-92A0-919BEA34ACFB}.Release|x86.ActiveCfg = Release|Any CPU
		{DD4102DC-E261-4C9A-92A0-919BEA34ACFB}.Release|x86.Build.0 = Release|Any CPU
		{8BA2B70F-5D08-41E7-B54C-888942F48A62}.Debug|Any CPU.ActiveCfg = Debug|Any CPU
		{8BA2B70F-5D08-41E7-B54C-888942F48A62}.Debug|Any CPU.Build.0 = Debug|Any CPU
		{8BA2B70F-5D08-41E7-B54C-888942F48A62}.Debug|x64.ActiveCfg = Debug|Any CPU
		{8BA2B70F-5D08-41E7-B54C-888942F48A62}.Debug|x64.Build.0 = Debug|Any CPU
		{8BA2B70F-5D08-41E7-B54C-888942F48A62}.Debug|x86.ActiveCfg = Debug|Any CPU
		{8BA2B70F-5D08-41E7-B54C-888942F48A62}.Debug|x86.Build.0 = Debug|Any CPU
		{8BA2B70F-5D08-41E7-B54C-888942F48A62}.MYSQL|Any CPU.ActiveCfg = MYSQL|Any CPU
		{8BA2B70F-5D08-41E7-B54C-888942F48A62}.MYSQL|Any CPU.Build.0 = MYSQL|Any CPU
		{8BA2B70F-5D08-41E7-B54C-888942F48A62}.MYSQL|x64.ActiveCfg = MYSQL|Any CPU
		{8BA2B70F-5D08-41E7-B54C-888942F48A62}.MYSQL|x64.Build.0 = MYSQL|Any CPU
		{8BA2B70F-5D08-41E7-B54C-888942F48A62}.MYSQL|x86.ActiveCfg = MYSQL|Any CPU
		{8BA2B70F-5D08-41E7-B54C-888942F48A62}.MYSQL|x86.Build.0 = MYSQL|Any CPU
		{8BA2B70F-5D08-41E7-B54C-888942F48A62}.Release|Any CPU.ActiveCfg = Release|Any CPU
		{8BA2B70F-5D08-41E7-B54C-888942F48A62}.Release|Any CPU.Build.0 = Release|Any CPU
		{8BA2B70F-5D08-41E7-B54C-888942F48A62}.Release|x64.ActiveCfg = Release|Any CPU
		{8BA2B70F-5D08-41E7-B54C-888942F48A62}.Release|x64.Build.0 = Release|Any CPU
		{8BA2B70F-5D08-41E7-B54C-888942F48A62}.Release|x86.ActiveCfg = Release|Any CPU
		{8BA2B70F-5D08-41E7-B54C-888942F48A62}.Release|x86.Build.0 = Release|Any CPU
		{838FBE23-4E94-4972-80E3-5CFE31423D91}.Debug|Any CPU.ActiveCfg = Debug|Any CPU
		{838FBE23-4E94-4972-80E3-5CFE31423D91}.Debug|Any CPU.Build.0 = Debug|Any CPU
		{838FBE23-4E94-4972-80E3-5CFE31423D91}.Debug|x64.ActiveCfg = Debug|Any CPU
		{838FBE23-4E94-4972-80E3-5CFE31423D91}.Debug|x64.Build.0 = Debug|Any CPU
		{838FBE23-4E94-4972-80E3-5CFE31423D91}.Debug|x86.ActiveCfg = Debug|Any CPU
		{838FBE23-4E94-4972-80E3-5CFE31423D91}.Debug|x86.Build.0 = Debug|Any CPU
		{838FBE23-4E94-4972-80E3-5CFE31423D91}.MYSQL|Any CPU.ActiveCfg = MYSQL|Any CPU
		{838FBE23-4E94-4972-80E3-5CFE31423D91}.MYSQL|Any CPU.Build.0 = MYSQL|Any CPU
		{838FBE23-4E94-4972-80E3-5CFE31423D91}.MYSQL|x64.ActiveCfg = MYSQL|Any CPU
		{838FBE23-4E94-4972-80E3-5CFE31423D91}.MYSQL|x64.Build.0 = MYSQL|Any CPU
		{838FBE23-4E94-4972-80E3-5CFE31423D91}.MYSQL|x86.ActiveCfg = MYSQL|Any CPU
		{838FBE23-4E94-4972-80E3-5CFE31423D91}.MYSQL|x86.Build.0 = MYSQL|Any CPU
		{838FBE23-4E94-4972-80E3-5CFE31423D91}.Release|Any CPU.ActiveCfg = Release|Any CPU
		{838FBE23-4E94-4972-80E3-5CFE31423D91}.Release|Any CPU.Build.0 = Release|Any CPU
		{838FBE23-4E94-4972-80E3-5CFE31423D91}.Release|x64.ActiveCfg = Release|Any CPU
		{838FBE23-4E94-4972-80E3-5CFE31423D91}.Release|x64.Build.0 = Release|Any CPU
		{838FBE23-4E94-4972-80E3-5CFE31423D91}.Release|x86.ActiveCfg = Release|Any CPU
		{838FBE23-4E94-4972-80E3-5CFE31423D91}.Release|x86.Build.0 = Release|Any CPU
		{35715A5C-D21D-4B00-8560-F396FDA9CD52}.Debug|Any CPU.ActiveCfg = Debug|Any CPU
		{35715A5C-D21D-4B00-8560-F396FDA9CD52}.Debug|Any CPU.Build.0 = Debug|Any CPU
		{35715A5C-D21D-4B00-8560-F396FDA9CD52}.Debug|x64.ActiveCfg = Debug|Any CPU
		{35715A5C-D21D-4B00-8560-F396FDA9CD52}.Debug|x64.Build.0 = Debug|Any CPU
		{35715A5C-D21D-4B00-8560-F396FDA9CD52}.Debug|x86.ActiveCfg = Debug|Any CPU
		{35715A5C-D21D-4B00-8560-F396FDA9CD52}.Debug|x86.Build.0 = Debug|Any CPU
		{35715A5C-D21D-4B00-8560-F396FDA9CD52}.MYSQL|Any CPU.ActiveCfg = MYSQL|Any CPU
		{35715A5C-D21D-4B00-8560-F396FDA9CD52}.MYSQL|Any CPU.Build.0 = MYSQL|Any CPU
		{35715A5C-D21D-4B00-8560-F396FDA9CD52}.MYSQL|x64.ActiveCfg = MYSQL|Any CPU
		{35715A5C-D21D-4B00-8560-F396FDA9CD52}.MYSQL|x64.Build.0 = MYSQL|Any CPU
		{35715A5C-D21D-4B00-8560-F396FDA9CD52}.MYSQL|x86.ActiveCfg = MYSQL|Any CPU
		{35715A5C-D21D-4B00-8560-F396FDA9CD52}.MYSQL|x86.Build.0 = MYSQL|Any CPU
		{35715A5C-D21D-4B00-8560-F396FDA9CD52}.Release|Any CPU.ActiveCfg = Release|Any CPU
		{35715A5C-D21D-4B00-8560-F396FDA9CD52}.Release|Any CPU.Build.0 = Release|Any CPU
		{35715A5C-D21D-4B00-8560-F396FDA9CD52}.Release|x64.ActiveCfg = Release|Any CPU
		{35715A5C-D21D-4B00-8560-F396FDA9CD52}.Release|x64.Build.0 = Release|Any CPU
		{35715A5C-D21D-4B00-8560-F396FDA9CD52}.Release|x86.ActiveCfg = Release|Any CPU
		{35715A5C-D21D-4B00-8560-F396FDA9CD52}.Release|x86.Build.0 = Release|Any CPU
	EndGlobalSection
	GlobalSection(SolutionProperties) = preSolution
		HideSolutionNode = FALSE
	EndGlobalSection
	GlobalSection(ExtensibilityGlobals) = postSolution
		SolutionGuid = {770E745A-C59A-40C2-B535-D22310C7677F}
	EndGlobalSection
EndGlobal
